
Microsoft Visual Studio Solution File, Format Version 12.00
# Visual Studio Version 17
VisualStudioVersion = 17.6.33815.320
MinimumVisualStudioVersion = 10.0.40219.1
Project("{FAE04EC0-301F-11D3-BF4B-00C04F79EFBC}") = "Lab1Ex7", "Lab1Ex7\Lab1Ex7.csproj", "{8ED18E0D-2E65-4A84-B993-5B2A103BDEAD}"
EndProject
Global
	GlobalSection(SolutionConfigurationPlatforms) = preSolution
		Debug|Any CPU = Debug|Any CPU
		Release|Any CPU = Release|Any CPU
	EndGlobalSection
	GlobalSection(ProjectConfigurationPlatforms) = postSolution
		{8ED18E0D-2E65-4A84-B993-5B2A103BDEAD}.Debug|Any CPU.ActiveCfg = Debug|Any CPU
		{8ED18E0D-2E65-4A84-B993-5B2A103BDEAD}.Debug|Any CPU.Build.0 = Debug|Any CPU
		{8ED18E0D-2E65-4A84-B993-5B2A103BDEAD}.Release|Any CPU.ActiveCfg = Release|Any CPU
		{8ED18E0D-2E65-4A84-B993-5B2A103BDEAD}.Release|Any CPU.Build.0 = Release|Any CPU
	EndGlobalSection
	GlobalSection(SolutionProperties) = preSolution
		HideSolutionNode = FALSE
	EndGlobalSection
	GlobalSection(ExtensibilityGlobals) = postSolution
		SolutionGuid = {EE3C5E82-4884-4609-BAD7-50B1D45E6DD3}
	EndGlobalSection
EndGlobal
